
Microsoft Visual Studio Solution File, Format Version 12.00
# Visual Studio Version 17
VisualStudioVersion = 17.6.33815.320
MinimumVisualStudioVersion = 10.0.40219.1
Project("{FAE04EC0-301F-11D3-BF4B-00C04F79EFBC}") = "20.101-02-BeautySalon", "20.101-02-BeautySalon\20.101-02-BeautySalon.csproj", "{F3AF45BF-78C8-4D05-ABF5-1F4AC0DEC633}"
EndProject
Global
	GlobalSection(SolutionConfigurationPlatforms) = preSolution
		Debug|Any CPU = Debug|Any CPU
		Release|Any CPU = Release|Any CPU
	EndGlobalSection
	GlobalSection(ProjectConfigurationPlatforms) = postSolution
		{F3AF45BF-78C8-4D05-ABF5-1F4AC0DEC633}.Debug|Any CPU.ActiveCfg = Debug|Any CPU
		{F3AF45BF-78C8-4D05-ABF5-1F4AC0DEC633}.Debug|Any CPU.Build.0 = Debug|Any CPU
		{F3AF45BF-78C8-4D05-ABF5-1F4AC0DEC633}.Release|Any CPU.ActiveCfg = Release|Any CPU
		{F3AF45BF-78C8-4D05-ABF5-1F4AC0DEC633}.Release|Any CPU.Build.0 = Release|Any CPU
	EndGlobalSection
	GlobalSection(SolutionProperties) = preSolution
		HideSolutionNode = FALSE
	EndGlobalSection
	GlobalSection(ExtensibilityGlobals) = postSolution
		SolutionGuid = {616ADA98-06F3-4E0B-B80D-9B3F887135C7}
	EndGlobalSection
EndGlobal
